// !$*UTF8*$!
{
	archiveVersion = 1;
	classes = {
	};
	objectVersion = 56;
	objects = {

/* Begin PBXBuildFile section */
		5B8469B929C243850081741B /* AppDelegate.swift in Sources */ = {isa = PBXBuildFile; fileRef = 5B8469B829C243850081741B /* AppDelegate.swift */; };
		5B8469BB29C243850081741B /* SceneDelegate.swift in Sources */ = {isa = PBXBuildFile; fileRef = 5B8469BA29C243850081741B /* SceneDelegate.swift */; };
		5B8469BD29C243850081741B /* SignInPageViewController.swift in Sources */ = {isa = PBXBuildFile; fileRef = 5B8469BC29C243850081741B /* SignInPageViewController.swift */; };
		5B8469C229C243850081741B /* Assets.xcassets in Resources */ = {isa = PBXBuildFile; fileRef = 5B8469C129C243850081741B /* Assets.xcassets */; };
		5B8469C529C243850081741B /* LaunchScreen.storyboard in Resources */ = {isa = PBXBuildFile; fileRef = 5B8469C329C243850081741B /* LaunchScreen.storyboard */; };
		5B8469D029C243850081741B /* SignInPageTest.swift in Sources */ = {isa = PBXBuildFile; fileRef = 5B8469CF29C243850081741B /* SignInPageTest.swift */; };
		5B8469DA29C243850081741B /* TestTaskUITests.swift in Sources */ = {isa = PBXBuildFile; fileRef = 5B8469D929C243850081741B /* TestTaskUITests.swift */; };
		5B8469DC29C243850081741B /* TestTaskUITestsLaunchTests.swift in Sources */ = {isa = PBXBuildFile; fileRef = 5B8469DB29C243850081741B /* TestTaskUITestsLaunchTests.swift */; };
		5B8469E929C245130081741B /* SignInPageView.swift in Sources */ = {isa = PBXBuildFile; fileRef = 5B8469E829C245130081741B /* SignInPageView.swift */; };
		5B8469ED29C247840081741B /* UIViewController+extension.swift in Sources */ = {isa = PBXBuildFile; fileRef = 5B8469EC29C247840081741B /* UIViewController+extension.swift */; };
		5B8469EF29C2484D0081741B /* SignPageViewPresenter.swift in Sources */ = {isa = PBXBuildFile; fileRef = 5B8469EE29C2484D0081741B /* SignPageViewPresenter.swift */; };
		5B8469F129C249D90081741B /* UIColor+extension.swift in Sources */ = {isa = PBXBuildFile; fileRef = 5B8469F029C249D90081741B /* UIColor+extension.swift */; };
		5B8469F729C24D590081741B /* UIView+extension.swift in Sources */ = {isa = PBXBuildFile; fileRef = 5B8469F629C24D590081741B /* UIView+extension.swift */; };
		5B8469FD29C251410081741B /* Montserrat-Regular.ttf in Resources */ = {isa = PBXBuildFile; fileRef = 5B8469FC29C251410081741B /* Montserrat-Regular.ttf */; };
		5B846A0029C251D80081741B /* Montserrat-Bold.ttf in Resources */ = {isa = PBXBuildFile; fileRef = 5B8469FF29C251D80081741B /* Montserrat-Bold.ttf */; };
		5B846A0329C2F7CD0081741B /* Montserrat-Medium.ttf in Resources */ = {isa = PBXBuildFile; fileRef = 5B846A0229C2F7CD0081741B /* Montserrat-Medium.ttf */; };
		5B846A0729C3020F0081741B /* TestTaskTextField.swift in Sources */ = {isa = PBXBuildFile; fileRef = 5B846A0629C3020F0081741B /* TestTaskTextField.swift */; };
		5B846A0C29C315F80081741B /* TestTaskSignInWithStackView.swift in Sources */ = {isa = PBXBuildFile; fileRef = 5B846A0B29C315F80081741B /* TestTaskSignInWithStackView.swift */; };
		5B846A0E29C375880081741B /* UITextField+extension.swift in Sources */ = {isa = PBXBuildFile; fileRef = 5B846A0D29C375880081741B /* UITextField+extension.swift */; };
		5B846A1529C38ABD0081741B /* LoginViewController.swift in Sources */ = {isa = PBXBuildFile; fileRef = 5B846A1429C38ABD0081741B /* LoginViewController.swift */; };
		5B846A1729C38B000081741B /* LoginView.swift in Sources */ = {isa = PBXBuildFile; fileRef = 5B846A1629C38B000081741B /* LoginView.swift */; };
		5B846A1929C38CF60081741B /* LoginViewPresenter.swift in Sources */ = {isa = PBXBuildFile; fileRef = 5B846A1829C38CF60081741B /* LoginViewPresenter.swift */; };
		5B846A1D29C43ACB0081741B /* SignInPageViewControllerSpy.swift in Sources */ = {isa = PBXBuildFile; fileRef = 5B846A1C29C43ACB0081741B /* SignInPageViewControllerSpy.swift */; };
		5B846A2029C43B410081741B /* SignInPageViewSpy.swift in Sources */ = {isa = PBXBuildFile; fileRef = 5B846A1F29C43B410081741B /* SignInPageViewSpy.swift */; };
		5B846A2229C43C0B0081741B /* SignInPagePresenterSpy.swift in Sources */ = {isa = PBXBuildFile; fileRef = 5B846A2129C43C0B0081741B /* SignInPagePresenterSpy.swift */; };
		5B846A2529C444560081741B /* SwiftKeychainWrapper in Frameworks */ = {isa = PBXBuildFile; productRef = 5B846A2429C444560081741B /* SwiftKeychainWrapper */; };
		5B846A2729C444650081741B /* Storage.swift in Sources */ = {isa = PBXBuildFile; fileRef = 5B846A2629C444650081741B /* Storage.swift */; };
		5B846A2929C44CAF0081741B /* ErrorAlert.swift in Sources */ = {isa = PBXBuildFile; fileRef = 5B846A2829C44CAF0081741B /* ErrorAlert.swift */; };
		5B846A2C29C44CE80081741B /* ErrorAlertPresenter.swift in Sources */ = {isa = PBXBuildFile; fileRef = 5B846A2B29C44CE80081741B /* ErrorAlertPresenter.swift */; };
		5B846A2E29C4570F0081741B /* TabBarController.swift in Sources */ = {isa = PBXBuildFile; fileRef = 5B846A2D29C4570F0081741B /* TabBarController.swift */; };
		5B846A3129C457A60081741B /* PageOneViewController.swift in Sources */ = {isa = PBXBuildFile; fileRef = 5B846A3029C457A60081741B /* PageOneViewController.swift */; };
		5B846A3529C4587D0081741B /* LikeViewController.swift in Sources */ = {isa = PBXBuildFile; fileRef = 5B846A3429C4587D0081741B /* LikeViewController.swift */; };
		5B846A3729C458930081741B /* CartViewController.swift in Sources */ = {isa = PBXBuildFile; fileRef = 5B846A3629C458930081741B /* CartViewController.swift */; };
		5B846A3929C458AE0081741B /* CommentsViewController.swift in Sources */ = {isa = PBXBuildFile; fileRef = 5B846A3829C458AE0081741B /* CommentsViewController.swift */; };
		5B846A3D29C458E10081741B /* ProfileViewController.swift in Sources */ = {isa = PBXBuildFile; fileRef = 5B846A3C29C458E10081741B /* ProfileViewController.swift */; };
		5B846A4029C48F7C0081741B /* Profile.swift in Sources */ = {isa = PBXBuildFile; fileRef = 5B846A3F29C48F7C0081741B /* Profile.swift */; };
		5B846A4229C499140081741B /* Userdefaults+extension.swift in Sources */ = {isa = PBXBuildFile; fileRef = 5B846A4129C499140081741B /* Userdefaults+extension.swift */; };
		5B846A4529C5AC490081741B /* ProfileView.swift in Sources */ = {isa = PBXBuildFile; fileRef = 5B846A4429C5AC490081741B /* ProfileView.swift */; };
		5B846A4829C5ACC80081741B /* ProfilePresenter.swift in Sources */ = {isa = PBXBuildFile; fileRef = 5B846A4729C5ACC80081741B /* ProfilePresenter.swift */; };
		5B846A4A29C5B7BE0081741B /* AvatarInfoView.swift in Sources */ = {isa = PBXBuildFile; fileRef = 5B846A4929C5B7BD0081741B /* AvatarInfoView.swift */; };
		5BC9BB7429C6FB6700EB068C /* ProfileSettingsCell.swift in Sources */ = {isa = PBXBuildFile; fileRef = 5BC9BB7329C6FB6700EB068C /* ProfileSettingsCell.swift */; };
		5BC9BB7B29C718BE00EB068C /* CellType.swift in Sources */ = {isa = PBXBuildFile; fileRef = 5BC9BB7A29C718BE00EB068C /* CellType.swift */; };
		5BC9BB7F29C7257500EB068C /* LogoutAlertModel.swift in Sources */ = {isa = PBXBuildFile; fileRef = 5BC9BB7E29C7257500EB068C /* LogoutAlertModel.swift */; };
		5BC9BB8129C7258900EB068C /* LogoutAlertPresenterDelegate.swift in Sources */ = {isa = PBXBuildFile; fileRef = 5BC9BB8029C7258900EB068C /* LogoutAlertPresenterDelegate.swift */; };
		5BC9BB8329C7259D00EB068C /* LogoutAlertPresenterProtocol.swift in Sources */ = {isa = PBXBuildFile; fileRef = 5BC9BB8229C7259D00EB068C /* LogoutAlertPresenterProtocol.swift */; };
		5BC9BB8529C725AC00EB068C /* LogoutAlertPresenter.swift in Sources */ = {isa = PBXBuildFile; fileRef = 5BC9BB8429C725AC00EB068C /* LogoutAlertPresenter.swift */; };
/* End PBXBuildFile section */

/* Begin PBXContainerItemProxy section */
		5B8469CC29C243850081741B /* PBXContainerItemProxy */ = {
			isa = PBXContainerItemProxy;
			containerPortal = 5B8469AD29C243850081741B /* Project object */;
			proxyType = 1;
			remoteGlobalIDString = 5B8469B429C243850081741B;
			remoteInfo = TestTask;
		};
		5B8469D629C243850081741B /* PBXContainerItemProxy */ = {
			isa = PBXContainerItemProxy;
			containerPortal = 5B8469AD29C243850081741B /* Project object */;
			proxyType = 1;
			remoteGlobalIDString = 5B8469B429C243850081741B;
			remoteInfo = TestTask;
		};
/* End PBXContainerItemProxy section */

/* Begin PBXFileReference section */
		5B8469B529C243850081741B /* TestTask.app */ = {isa = PBXFileReference; explicitFileType = wrapper.application; includeInIndex = 0; path = TestTask.app; sourceTree = BUILT_PRODUCTS_DIR; };
		5B8469B829C243850081741B /* AppDelegate.swift */ = {isa = PBXFileReference; lastKnownFileType = sourcecode.swift; path = AppDelegate.swift; sourceTree = "<group>"; };
		5B8469BA29C243850081741B /* SceneDelegate.swift */ = {isa = PBXFileReference; lastKnownFileType = sourcecode.swift; path = SceneDelegate.swift; sourceTree = "<group>"; };
		5B8469BC29C243850081741B /* SignInPageViewController.swift */ = {isa = PBXFileReference; lastKnownFileType = sourcecode.swift; path = SignInPageViewController.swift; sourceTree = "<group>"; };
		5B8469C129C243850081741B /* Assets.xcassets */ = {isa = PBXFileReference; lastKnownFileType = folder.assetcatalog; path = Assets.xcassets; sourceTree = "<group>"; };
		5B8469C429C243850081741B /* Base */ = {isa = PBXFileReference; lastKnownFileType = file.storyboard; name = Base; path = Base.lproj/LaunchScreen.storyboard; sourceTree = "<group>"; };
		5B8469C629C243850081741B /* Info.plist */ = {isa = PBXFileReference; lastKnownFileType = text.plist.xml; path = Info.plist; sourceTree = "<group>"; };
		5B8469CB29C243850081741B /* TestTaskTests.xctest */ = {isa = PBXFileReference; explicitFileType = wrapper.cfbundle; includeInIndex = 0; path = TestTaskTests.xctest; sourceTree = BUILT_PRODUCTS_DIR; };
		5B8469CF29C243850081741B /* SignInPageTest.swift */ = {isa = PBXFileReference; lastKnownFileType = sourcecode.swift; path = SignInPageTest.swift; sourceTree = "<group>"; };
		5B8469D529C243850081741B /* TestTaskUITests.xctest */ = {isa = PBXFileReference; explicitFileType = wrapper.cfbundle; includeInIndex = 0; path = TestTaskUITests.xctest; sourceTree = BUILT_PRODUCTS_DIR; };
		5B8469D929C243850081741B /* TestTaskUITests.swift */ = {isa = PBXFileReference; lastKnownFileType = sourcecode.swift; path = TestTaskUITests.swift; sourceTree = "<group>"; };
		5B8469DB29C243850081741B /* TestTaskUITestsLaunchTests.swift */ = {isa = PBXFileReference; lastKnownFileType = sourcecode.swift; path = TestTaskUITestsLaunchTests.swift; sourceTree = "<group>"; };
		5B8469E829C245130081741B /* SignInPageView.swift */ = {isa = PBXFileReference; lastKnownFileType = sourcecode.swift; path = SignInPageView.swift; sourceTree = "<group>"; };
		5B8469EC29C247840081741B /* UIViewController+extension.swift */ = {isa = PBXFileReference; lastKnownFileType = sourcecode.swift; path = "UIViewController+extension.swift"; sourceTree = "<group>"; };
		5B8469EE29C2484D0081741B /* SignPageViewPresenter.swift */ = {isa = PBXFileReference; lastKnownFileType = sourcecode.swift; path = SignPageViewPresenter.swift; sourceTree = "<group>"; };
		5B8469F029C249D90081741B /* UIColor+extension.swift */ = {isa = PBXFileReference; lastKnownFileType = sourcecode.swift; path = "UIColor+extension.swift"; sourceTree = "<group>"; };
		5B8469F629C24D590081741B /* UIView+extension.swift */ = {isa = PBXFileReference; lastKnownFileType = sourcecode.swift; path = "UIView+extension.swift"; sourceTree = "<group>"; };
		5B8469FC29C251410081741B /* Montserrat-Regular.ttf */ = {isa = PBXFileReference; lastKnownFileType = file; path = "Montserrat-Regular.ttf"; sourceTree = "<group>"; };
		5B8469FF29C251D80081741B /* Montserrat-Bold.ttf */ = {isa = PBXFileReference; lastKnownFileType = file; path = "Montserrat-Bold.ttf"; sourceTree = "<group>"; };
		5B846A0229C2F7CD0081741B /* Montserrat-Medium.ttf */ = {isa = PBXFileReference; lastKnownFileType = file; path = "Montserrat-Medium.ttf"; sourceTree = "<group>"; };
		5B846A0629C3020F0081741B /* TestTaskTextField.swift */ = {isa = PBXFileReference; lastKnownFileType = sourcecode.swift; path = TestTaskTextField.swift; sourceTree = "<group>"; };
		5B846A0B29C315F80081741B /* TestTaskSignInWithStackView.swift */ = {isa = PBXFileReference; lastKnownFileType = sourcecode.swift; path = TestTaskSignInWithStackView.swift; sourceTree = "<group>"; };
		5B846A0D29C375880081741B /* UITextField+extension.swift */ = {isa = PBXFileReference; lastKnownFileType = sourcecode.swift; path = "UITextField+extension.swift"; sourceTree = "<group>"; };
		5B846A1429C38ABD0081741B /* LoginViewController.swift */ = {isa = PBXFileReference; lastKnownFileType = sourcecode.swift; path = LoginViewController.swift; sourceTree = "<group>"; };
		5B846A1629C38B000081741B /* LoginView.swift */ = {isa = PBXFileReference; lastKnownFileType = sourcecode.swift; path = LoginView.swift; sourceTree = "<group>"; };
		5B846A1829C38CF60081741B /* LoginViewPresenter.swift */ = {isa = PBXFileReference; lastKnownFileType = sourcecode.swift; path = LoginViewPresenter.swift; sourceTree = "<group>"; };
		5B846A1C29C43ACB0081741B /* SignInPageViewControllerSpy.swift */ = {isa = PBXFileReference; lastKnownFileType = sourcecode.swift; path = SignInPageViewControllerSpy.swift; sourceTree = "<group>"; };
		5B846A1F29C43B410081741B /* SignInPageViewSpy.swift */ = {isa = PBXFileReference; lastKnownFileType = sourcecode.swift; path = SignInPageViewSpy.swift; sourceTree = "<group>"; };
		5B846A2129C43C0B0081741B /* SignInPagePresenterSpy.swift */ = {isa = PBXFileReference; lastKnownFileType = sourcecode.swift; path = SignInPagePresenterSpy.swift; sourceTree = "<group>"; };
		5B846A2629C444650081741B /* Storage.swift */ = {isa = PBXFileReference; lastKnownFileType = sourcecode.swift; path = Storage.swift; sourceTree = "<group>"; };
		5B846A2829C44CAF0081741B /* ErrorAlert.swift */ = {isa = PBXFileReference; lastKnownFileType = sourcecode.swift; path = ErrorAlert.swift; sourceTree = "<group>"; };
		5B846A2B29C44CE80081741B /* ErrorAlertPresenter.swift */ = {isa = PBXFileReference; lastKnownFileType = sourcecode.swift; path = ErrorAlertPresenter.swift; sourceTree = "<group>"; };
		5B846A2D29C4570F0081741B /* TabBarController.swift */ = {isa = PBXFileReference; lastKnownFileType = sourcecode.swift; path = TabBarController.swift; sourceTree = "<group>"; };
		5B846A3029C457A60081741B /* PageOneViewController.swift */ = {isa = PBXFileReference; lastKnownFileType = sourcecode.swift; path = PageOneViewController.swift; sourceTree = "<group>"; };
		5B846A3429C4587D0081741B /* LikeViewController.swift */ = {isa = PBXFileReference; lastKnownFileType = sourcecode.swift; path = LikeViewController.swift; sourceTree = "<group>"; };
		5B846A3629C458930081741B /* CartViewController.swift */ = {isa = PBXFileReference; lastKnownFileType = sourcecode.swift; path = CartViewController.swift; sourceTree = "<group>"; };
		5B846A3829C458AE0081741B /* CommentsViewController.swift */ = {isa = PBXFileReference; lastKnownFileType = sourcecode.swift; path = CommentsViewController.swift; sourceTree = "<group>"; };
		5B846A3C29C458E10081741B /* ProfileViewController.swift */ = {isa = PBXFileReference; lastKnownFileType = sourcecode.swift; path = ProfileViewController.swift; sourceTree = "<group>"; };
		5B846A3F29C48F7C0081741B /* Profile.swift */ = {isa = PBXFileReference; lastKnownFileType = sourcecode.swift; path = Profile.swift; sourceTree = "<group>"; };
		5B846A4129C499140081741B /* Userdefaults+extension.swift */ = {isa = PBXFileReference; lastKnownFileType = sourcecode.swift; path = "Userdefaults+extension.swift"; sourceTree = "<group>"; };
		5B846A4429C5AC490081741B /* ProfileView.swift */ = {isa = PBXFileReference; lastKnownFileType = sourcecode.swift; path = ProfileView.swift; sourceTree = "<group>"; };
		5B846A4729C5ACC80081741B /* ProfilePresenter.swift */ = {isa = PBXFileReference; lastKnownFileType = sourcecode.swift; path = ProfilePresenter.swift; sourceTree = "<group>"; };
		5B846A4929C5B7BD0081741B /* AvatarInfoView.swift */ = {isa = PBXFileReference; lastKnownFileType = sourcecode.swift; path = AvatarInfoView.swift; sourceTree = "<group>"; };
		5BC9BB7329C6FB6700EB068C /* ProfileSettingsCell.swift */ = {isa = PBXFileReference; lastKnownFileType = sourcecode.swift; path = ProfileSettingsCell.swift; sourceTree = "<group>"; };
		5BC9BB7A29C718BE00EB068C /* CellType.swift */ = {isa = PBXFileReference; lastKnownFileType = sourcecode.swift; path = CellType.swift; sourceTree = "<group>"; };
		5BC9BB7E29C7257500EB068C /* LogoutAlertModel.swift */ = {isa = PBXFileReference; lastKnownFileType = sourcecode.swift; path = LogoutAlertModel.swift; sourceTree = "<group>"; };
		5BC9BB8029C7258900EB068C /* LogoutAlertPresenterDelegate.swift */ = {isa = PBXFileReference; lastKnownFileType = sourcecode.swift; path = LogoutAlertPresenterDelegate.swift; sourceTree = "<group>"; };
		5BC9BB8229C7259D00EB068C /* LogoutAlertPresenterProtocol.swift */ = {isa = PBXFileReference; lastKnownFileType = sourcecode.swift; path = LogoutAlertPresenterProtocol.swift; sourceTree = "<group>"; };
		5BC9BB8429C725AC00EB068C /* LogoutAlertPresenter.swift */ = {isa = PBXFileReference; lastKnownFileType = sourcecode.swift; path = LogoutAlertPresenter.swift; sourceTree = "<group>"; };
/* End PBXFileReference section */

/* Begin PBXFrameworksBuildPhase section */
		5B8469B229C243850081741B /* Frameworks */ = {
			isa = PBXFrameworksBuildPhase;
			buildActionMask = 2147483647;
			files = (
				5B846A2529C444560081741B /* SwiftKeychainWrapper in Frameworks */,
			);
			runOnlyForDeploymentPostprocessing = 0;
		};
		5B8469C829C243850081741B /* Frameworks */ = {
			isa = PBXFrameworksBuildPhase;
			buildActionMask = 2147483647;
			files = (
			);
			runOnlyForDeploymentPostprocessing = 0;
		};
		5B8469D229C243850081741B /* Frameworks */ = {
			isa = PBXFrameworksBuildPhase;
			buildActionMask = 2147483647;
			files = (
			);
			runOnlyForDeploymentPostprocessing = 0;
		};
/* End PBXFrameworksBuildPhase section */

/* Begin PBXGroup section */
		5B8469AC29C243850081741B = {
			isa = PBXGroup;
			children = (
				5B8469B729C243850081741B /* TestTask */,
				5B8469CE29C243850081741B /* TestTaskTests */,
				5B8469D829C243850081741B /* TestTaskUITests */,
				5B8469B629C243850081741B /* Products */,
			);
			sourceTree = "<group>";
		};
		5B8469B629C243850081741B /* Products */ = {
			isa = PBXGroup;
			children = (
				5B8469B529C243850081741B /* TestTask.app */,
				5B8469CB29C243850081741B /* TestTaskTests.xctest */,
				5B8469D529C243850081741B /* TestTaskUITests.xctest */,
			);
			name = Products;
			sourceTree = "<group>";
		};
		5B8469B729C243850081741B /* TestTask */ = {
			isa = PBXGroup;
			children = (
				5B846A1B29C439120081741B /* Application */,
				5B846A1A29C438FA0081741B /* Authorize */,
				5B846A3E29C459090081741B /* TabBarControllers */,
				5B846A2A29C44CB60081741B /* ErrorAlert */,
				5B8469EA29C2473B0081741B /* Helpers */,
				5B8469EB29C247470081741B /* Resources */,
			);
			path = TestTask;
			sourceTree = "<group>";
		};
		5B8469CE29C243850081741B /* TestTaskTests */ = {
			isa = PBXGroup;
			children = (
				5B846A1E29C43AD80081741B /* SignInPageTests */,
			);
			path = TestTaskTests;
			sourceTree = "<group>";
		};
		5B8469D829C243850081741B /* TestTaskUITests */ = {
			isa = PBXGroup;
			children = (
				5B8469D929C243850081741B /* TestTaskUITests.swift */,
				5B8469DB29C243850081741B /* TestTaskUITestsLaunchTests.swift */,
			);
			path = TestTaskUITests;
			sourceTree = "<group>";
		};
		5B8469EA29C2473B0081741B /* Helpers */ = {
			isa = PBXGroup;
			children = (
				5B846A0F29C3759A0081741B /* CustomTestTaskUI */,
				5B8469EC29C247840081741B /* UIViewController+extension.swift */,
				5B8469F029C249D90081741B /* UIColor+extension.swift */,
				5B8469F629C24D590081741B /* UIView+extension.swift */,
				5B846A0D29C375880081741B /* UITextField+extension.swift */,
				5B846A4129C499140081741B /* Userdefaults+extension.swift */,
			);
			path = Helpers;
			sourceTree = "<group>";
		};
		5B8469EB29C247470081741B /* Resources */ = {
			isa = PBXGroup;
			children = (
				5B846A0129C2520C0081741B /* Fonts */,
				5B8469C129C243850081741B /* Assets.xcassets */,
				5B8469C329C243850081741B /* LaunchScreen.storyboard */,
				5B8469C629C243850081741B /* Info.plist */,
			);
			path = Resources;
			sourceTree = "<group>";
		};
		5B8469F229C24C890081741B /* SignInPage */ = {
			isa = PBXGroup;
			children = (
				5B8469BC29C243850081741B /* SignInPageViewController.swift */,
				5B8469F529C24CC00081741B /* Model */,
				5B8469F329C24C9D0081741B /* View */,
				5B8469F429C24CA60081741B /* Presenter */,
			);
			path = SignInPage;
			sourceTree = "<group>";
		};
		5B8469F329C24C9D0081741B /* View */ = {
			isa = PBXGroup;
			children = (
				5B8469E829C245130081741B /* SignInPageView.swift */,
			);
			path = View;
			sourceTree = "<group>";
		};
		5B8469F429C24CA60081741B /* Presenter */ = {
			isa = PBXGroup;
			children = (
				5B8469EE29C2484D0081741B /* SignPageViewPresenter.swift */,
			);
			path = Presenter;
			sourceTree = "<group>";
		};
		5B8469F529C24CC00081741B /* Model */ = {
			isa = PBXGroup;
			children = (
				5B846A3F29C48F7C0081741B /* Profile.swift */,
			);
			path = Model;
			sourceTree = "<group>";
		};
		5B846A0129C2520C0081741B /* Fonts */ = {
			isa = PBXGroup;
			children = (
				5B8469FF29C251D80081741B /* Montserrat-Bold.ttf */,
				5B8469FC29C251410081741B /* Montserrat-Regular.ttf */,
				5B846A0229C2F7CD0081741B /* Montserrat-Medium.ttf */,
			);
			path = Fonts;
			sourceTree = "<group>";
		};
		5B846A0F29C3759A0081741B /* CustomTestTaskUI */ = {
			isa = PBXGroup;
			children = (
				5B846A0629C3020F0081741B /* TestTaskTextField.swift */,
				5B846A0B29C315F80081741B /* TestTaskSignInWithStackView.swift */,
			);
			path = CustomTestTaskUI;
			sourceTree = "<group>";
		};
		5B846A1029C38A6C0081741B /* Login */ = {
			isa = PBXGroup;
			children = (
				5B846A1429C38ABD0081741B /* LoginViewController.swift */,
				5B846A1329C38AA80081741B /* Presenter */,
				5B846A1229C38A9F0081741B /* View */,
				5B846A1129C38A960081741B /* Model */,
			);
			path = Login;
			sourceTree = "<group>";
		};
		5B846A1129C38A960081741B /* Model */ = {
			isa = PBXGroup;
			children = (
			);
			path = Model;
			sourceTree = "<group>";
		};
		5B846A1229C38A9F0081741B /* View */ = {
			isa = PBXGroup;
			children = (
				5B846A1629C38B000081741B /* LoginView.swift */,
			);
			path = View;
			sourceTree = "<group>";
		};
		5B846A1329C38AA80081741B /* Presenter */ = {
			isa = PBXGroup;
			children = (
				5B846A1829C38CF60081741B /* LoginViewPresenter.swift */,
			);
			path = Presenter;
			sourceTree = "<group>";
		};
		5B846A1A29C438FA0081741B /* Authorize */ = {
			isa = PBXGroup;
			children = (
				5B846A1029C38A6C0081741B /* Login */,
				5B8469F229C24C890081741B /* SignInPage */,
				5B846A2629C444650081741B /* Storage.swift */,
			);
			path = Authorize;
			sourceTree = "<group>";
		};
		5B846A1B29C439120081741B /* Application */ = {
			isa = PBXGroup;
			children = (
				5B8469B829C243850081741B /* AppDelegate.swift */,
				5B8469BA29C243850081741B /* SceneDelegate.swift */,
			);
			path = Application;
			sourceTree = "<group>";
		};
		5B846A1E29C43AD80081741B /* SignInPageTests */ = {
			isa = PBXGroup;
			children = (
				5B8469CF29C243850081741B /* SignInPageTest.swift */,
				5B846A1C29C43ACB0081741B /* SignInPageViewControllerSpy.swift */,
				5B846A1F29C43B410081741B /* SignInPageViewSpy.swift */,
				5B846A2129C43C0B0081741B /* SignInPagePresenterSpy.swift */,
			);
			path = SignInPageTests;
			sourceTree = "<group>";
		};
		5B846A2A29C44CB60081741B /* ErrorAlert */ = {
			isa = PBXGroup;
			children = (
				5B846A2829C44CAF0081741B /* ErrorAlert.swift */,
				5B846A2B29C44CE80081741B /* ErrorAlertPresenter.swift */,
			);
			path = ErrorAlert;
			sourceTree = "<group>";
		};
		5B846A2F29C457580081741B /* Page */ = {
			isa = PBXGroup;
			children = (
				5B846A3029C457A60081741B /* PageOneViewController.swift */,
			);
			path = Page;
			sourceTree = "<group>";
		};
		5B846A3229C457C30081741B /* LikePage */ = {
			isa = PBXGroup;
			children = (
				5B846A3429C4587D0081741B /* LikeViewController.swift */,
			);
			path = LikePage;
			sourceTree = "<group>";
		};
		5B846A3329C458630081741B /* CartPage */ = {
			isa = PBXGroup;
			children = (
				5B846A3629C458930081741B /* CartViewController.swift */,
			);
			path = CartPage;
			sourceTree = "<group>";
		};
		5B846A3A29C458C30081741B /* Comments */ = {
			isa = PBXGroup;
			children = (
				5B846A3829C458AE0081741B /* CommentsViewController.swift */,
			);
			path = Comments;
			sourceTree = "<group>";
		};
		5B846A3B29C458D10081741B /* Profile */ = {
			isa = PBXGroup;
			children = (
				5BC9BB7D29C7255D00EB068C /* LogoutAlert */,
				5BC9BB7C29C7254F00EB068C /* ProfileViewController */,
			);
			path = Profile;
			sourceTree = "<group>";
		};
		5B846A3E29C459090081741B /* TabBarControllers */ = {
			isa = PBXGroup;
			children = (
				5B846A2D29C4570F0081741B /* TabBarController.swift */,
				5B846A2F29C457580081741B /* Page */,
				5B846A3229C457C30081741B /* LikePage */,
				5B846A3329C458630081741B /* CartPage */,
				5B846A3A29C458C30081741B /* Comments */,
				5B846A3B29C458D10081741B /* Profile */,
			);
			path = TabBarControllers;
			sourceTree = "<group>";
		};
		5B846A4329C5AC310081741B /* View */ = {
			isa = PBXGroup;
			children = (
				5B846A4429C5AC490081741B /* ProfileView.swift */,
				5B846A4929C5B7BD0081741B /* AvatarInfoView.swift */,
				5BC9BB7229C6FA8600EB068C /* ProfileTableViewCells */,
			);
			path = View;
			sourceTree = "<group>";
		};
		5B846A4629C5ACB40081741B /* Presenter */ = {
			isa = PBXGroup;
			children = (
				5B846A4729C5ACC80081741B /* ProfilePresenter.swift */,
			);
			path = Presenter;
			sourceTree = "<group>";
		};
		5BC9BB7229C6FA8600EB068C /* ProfileTableViewCells */ = {
			isa = PBXGroup;
			children = (
				5BC9BB7329C6FB6700EB068C /* ProfileSettingsCell.swift */,
			);
			path = ProfileTableViewCells;
			sourceTree = "<group>";
		};
		5BC9BB7529C7085200EB068C /* Model */ = {
			isa = PBXGroup;
			children = (
				5BC9BB7A29C718BE00EB068C /* CellType.swift */,
			);
			path = Model;
			sourceTree = "<group>";
		};
		5BC9BB7C29C7254F00EB068C /* ProfileViewController */ = {
			isa = PBXGroup;
			children = (
				5B846A3C29C458E10081741B /* ProfileViewController.swift */,
				5BC9BB7529C7085200EB068C /* Model */,
				5B846A4329C5AC310081741B /* View */,
				5B846A4629C5ACB40081741B /* Presenter */,
			);
			path = ProfileViewController;
			sourceTree = "<group>";
		};
		5BC9BB7D29C7255D00EB068C /* LogoutAlert */ = {
			isa = PBXGroup;
			children = (
				5BC9BB7E29C7257500EB068C /* LogoutAlertModel.swift */,
				5BC9BB8029C7258900EB068C /* LogoutAlertPresenterDelegate.swift */,
				5BC9BB8229C7259D00EB068C /* LogoutAlertPresenterProtocol.swift */,
				5BC9BB8429C725AC00EB068C /* LogoutAlertPresenter.swift */,
			);
			path = LogoutAlert;
			sourceTree = "<group>";
		};
/* End PBXGroup section */

/* Begin PBXNativeTarget section */
		5B8469B429C243850081741B /* TestTask */ = {
			isa = PBXNativeTarget;
			buildConfigurationList = 5B8469DF29C243850081741B /* Build configuration list for PBXNativeTarget "TestTask" */;
			buildPhases = (
				5B8469B129C243850081741B /* Sources */,
				5B8469B229C243850081741B /* Frameworks */,
				5B8469B329C243850081741B /* Resources */,
			);
			buildRules = (
			);
			dependencies = (
			);
			name = TestTask;
			packageProductDependencies = (
				5B846A2429C444560081741B /* SwiftKeychainWrapper */,
			);
			productName = TestTask;
			productReference = 5B8469B529C243850081741B /* TestTask.app */;
			productType = "com.apple.product-type.application";
		};
		5B8469CA29C243850081741B /* TestTaskTests */ = {
			isa = PBXNativeTarget;
			buildConfigurationList = 5B8469E229C243850081741B /* Build configuration list for PBXNativeTarget "TestTaskTests" */;
			buildPhases = (
				5B8469C729C243850081741B /* Sources */,
				5B8469C829C243850081741B /* Frameworks */,
				5B8469C929C243850081741B /* Resources */,
			);
			buildRules = (
			);
			dependencies = (
				5B8469CD29C243850081741B /* PBXTargetDependency */,
			);
			name = TestTaskTests;
			productName = TestTaskTests;
			productReference = 5B8469CB29C243850081741B /* TestTaskTests.xctest */;
			productType = "com.apple.product-type.bundle.unit-test";
		};
		5B8469D429C243850081741B /* TestTaskUITests */ = {
			isa = PBXNativeTarget;
			buildConfigurationList = 5B8469E529C243850081741B /* Build configuration list for PBXNativeTarget "TestTaskUITests" */;
			buildPhases = (
				5B8469D129C243850081741B /* Sources */,
				5B8469D229C243850081741B /* Frameworks */,
				5B8469D329C243850081741B /* Resources */,
			);
			buildRules = (
			);
			dependencies = (
				5B8469D729C243850081741B /* PBXTargetDependency */,
			);
			name = TestTaskUITests;
			productName = TestTaskUITests;
			productReference = 5B8469D529C243850081741B /* TestTaskUITests.xctest */;
			productType = "com.apple.product-type.bundle.ui-testing";
		};
/* End PBXNativeTarget section */

/* Begin PBXProject section */
		5B8469AD29C243850081741B /* Project object */ = {
			isa = PBXProject;
			attributes = {
				BuildIndependentTargetsInParallel = 1;
				LastSwiftUpdateCheck = 1410;
				LastUpgradeCheck = 1410;
				TargetAttributes = {
					5B8469B429C243850081741B = {
						CreatedOnToolsVersion = 14.1;
					};
					5B8469CA29C243850081741B = {
						CreatedOnToolsVersion = 14.1;
						TestTargetID = 5B8469B429C243850081741B;
					};
					5B8469D429C243850081741B = {
						CreatedOnToolsVersion = 14.1;
						TestTargetID = 5B8469B429C243850081741B;
					};
				};
			};
			buildConfigurationList = 5B8469B029C243850081741B /* Build configuration list for PBXProject "TestTask" */;
			compatibilityVersion = "Xcode 14.0";
			developmentRegion = en;
			hasScannedForEncodings = 0;
			knownRegions = (
				en,
				Base,
			);
			mainGroup = 5B8469AC29C243850081741B;
			packageReferences = (
				5B846A2329C444560081741B /* XCRemoteSwiftPackageReference "SwiftKeychainWrapper" */,
			);
			productRefGroup = 5B8469B629C243850081741B /* Products */;
			projectDirPath = "";
			projectRoot = "";
			targets = (
				5B8469B429C243850081741B /* TestTask */,
				5B8469CA29C243850081741B /* TestTaskTests */,
				5B8469D429C243850081741B /* TestTaskUITests */,
			);
		};
/* End PBXProject section */

/* Begin PBXResourcesBuildPhase section */
		5B8469B329C243850081741B /* Resources */ = {
			isa = PBXResourcesBuildPhase;
			buildActionMask = 2147483647;
			files = (
				5B846A0029C251D80081741B /* Montserrat-Bold.ttf in Resources */,
				5B846A0329C2F7CD0081741B /* Montserrat-Medium.ttf in Resources */,
				5B8469FD29C251410081741B /* Montserrat-Regular.ttf in Resources */,
				5B8469C529C243850081741B /* LaunchScreen.storyboard in Resources */,
				5B8469C229C243850081741B /* Assets.xcassets in Resources */,
			);
			runOnlyForDeploymentPostprocessing = 0;
		};
		5B8469C929C243850081741B /* Resources */ = {
			isa = PBXResourcesBuildPhase;
			buildActionMask = 2147483647;
			files = (
			);
			runOnlyForDeploymentPostprocessing = 0;
		};
		5B8469D329C243850081741B /* Resources */ = {
			isa = PBXResourcesBuildPhase;
			buildActionMask = 2147483647;
			files = (
			);
			runOnlyForDeploymentPostprocessing = 0;
		};
/* End PBXResourcesBuildPhase section */

/* Begin PBXSourcesBuildPhase section */
		5B8469B129C243850081741B /* Sources */ = {
			isa = PBXSourcesBuildPhase;
			buildActionMask = 2147483647;
			files = (
				5B846A1529C38ABD0081741B /* LoginViewController.swift in Sources */,
				5BC9BB7B29C718BE00EB068C /* CellType.swift in Sources */,
				5B846A4029C48F7C0081741B /* Profile.swift in Sources */,
				5B8469BD29C243850081741B /* SignInPageViewController.swift in Sources */,
				5B846A3929C458AE0081741B /* CommentsViewController.swift in Sources */,
				5B8469B929C243850081741B /* AppDelegate.swift in Sources */,
				5B846A4A29C5B7BE0081741B /* AvatarInfoView.swift in Sources */,
				5B846A2E29C4570F0081741B /* TabBarController.swift in Sources */,
				5B8469F729C24D590081741B /* UIView+extension.swift in Sources */,
				5B8469BB29C243850081741B /* SceneDelegate.swift in Sources */,
				5BC9BB8129C7258900EB068C /* LogoutAlertPresenterDelegate.swift in Sources */,
				5BC9BB8329C7259D00EB068C /* LogoutAlertPresenterProtocol.swift in Sources */,
				5B8469F129C249D90081741B /* UIColor+extension.swift in Sources */,
				5B8469EF29C2484D0081741B /* SignPageViewPresenter.swift in Sources */,
				5B846A3129C457A60081741B /* PageOneViewController.swift in Sources */,
				5B8469E929C245130081741B /* SignInPageView.swift in Sources */,
				5B846A0729C3020F0081741B /* TestTaskTextField.swift in Sources */,
				5BC9BB7429C6FB6700EB068C /* ProfileSettingsCell.swift in Sources */,
				5B846A0E29C375880081741B /* UITextField+extension.swift in Sources */,
				5BC9BB7F29C7257500EB068C /* LogoutAlertModel.swift in Sources */,
				5B846A2C29C44CE80081741B /* ErrorAlertPresenter.swift in Sources */,
				5B846A1729C38B000081741B /* LoginView.swift in Sources */,
				5B846A4229C499140081741B /* Userdefaults+extension.swift in Sources */,
				5B846A3D29C458E10081741B /* ProfileViewController.swift in Sources */,
				5B846A0C29C315F80081741B /* TestTaskSignInWithStackView.swift in Sources */,
				5B8469ED29C247840081741B /* UIViewController+extension.swift in Sources */,
				5B846A4529C5AC490081741B /* ProfileView.swift in Sources */,
				5BC9BB8529C725AC00EB068C /* LogoutAlertPresenter.swift in Sources */,
				5B846A3729C458930081741B /* CartViewController.swift in Sources */,
				5B846A2929C44CAF0081741B /* ErrorAlert.swift in Sources */,
				5B846A4829C5ACC80081741B /* ProfilePresenter.swift in Sources */,
				5B846A1929C38CF60081741B /* LoginViewPresenter.swift in Sources */,
				5B846A2729C444650081741B /* Storage.swift in Sources */,
				5B846A3529C4587D0081741B /* LikeViewController.swift in Sources */,
			);
			runOnlyForDeploymentPostprocessing = 0;
		};
		5B8469C729C243850081741B /* Sources */ = {
			isa = PBXSourcesBuildPhase;
			buildActionMask = 2147483647;
			files = (
				5B846A2229C43C0B0081741B /* SignInPagePresenterSpy.swift in Sources */,
				5B846A1D29C43ACB0081741B /* SignInPageViewControllerSpy.swift in Sources */,
				5B846A2029C43B410081741B /* SignInPageViewSpy.swift in Sources */,
				5B8469D029C243850081741B /* SignInPageTest.swift in Sources */,
			);
			runOnlyForDeploymentPostprocessing = 0;
		};
		5B8469D129C243850081741B /* Sources */ = {
			isa = PBXSourcesBuildPhase;
			buildActionMask = 2147483647;
			files = (
				5B8469DC29C243850081741B /* TestTaskUITestsLaunchTests.swift in Sources */,
				5B8469DA29C243850081741B /* TestTaskUITests.swift in Sources */,
			);
			runOnlyForDeploymentPostprocessing = 0;
		};
/* End PBXSourcesBuildPhase section */

/* Begin PBXTargetDependency section */
		5B8469CD29C243850081741B /* PBXTargetDependency */ = {
			isa = PBXTargetDependency;
			target = 5B8469B429C243850081741B /* TestTask */;
			targetProxy = 5B8469CC29C243850081741B /* PBXContainerItemProxy */;
		};
		5B8469D729C243850081741B /* PBXTargetDependency */ = {
			isa = PBXTargetDependency;
			target = 5B8469B429C243850081741B /* TestTask */;
			targetProxy = 5B8469D629C243850081741B /* PBXContainerItemProxy */;
		};
/* End PBXTargetDependency section */

/* Begin PBXVariantGroup section */
		5B8469C329C243850081741B /* LaunchScreen.storyboard */ = {
			isa = PBXVariantGroup;
			children = (
				5B8469C429C243850081741B /* Base */,
			);
			name = LaunchScreen.storyboard;
			sourceTree = "<group>";
		};
/* End PBXVariantGroup section */

/* Begin XCBuildConfiguration section */
		5B8469DD29C243850081741B /* Debug */ = {
			isa = XCBuildConfiguration;
			buildSettings = {
				ALWAYS_SEARCH_USER_PATHS = NO;
				CLANG_ANALYZER_NONNULL = YES;
				CLANG_ANALYZER_NUMBER_OBJECT_CONVERSION = YES_AGGRESSIVE;
				CLANG_CXX_LANGUAGE_STANDARD = "gnu++20";
				CLANG_ENABLE_MODULES = YES;
				CLANG_ENABLE_OBJC_ARC = YES;
				CLANG_ENABLE_OBJC_WEAK = YES;
				CLANG_WARN_BLOCK_CAPTURE_AUTORELEASING = YES;
				CLANG_WARN_BOOL_CONVERSION = YES;
				CLANG_WARN_COMMA = YES;
				CLANG_WARN_CONSTANT_CONVERSION = YES;
				CLANG_WARN_DEPRECATED_OBJC_IMPLEMENTATIONS = YES;
				CLANG_WARN_DIRECT_OBJC_ISA_USAGE = YES_ERROR;
				CLANG_WARN_DOCUMENTATION_COMMENTS = YES;
				CLANG_WARN_EMPTY_BODY = YES;
				CLANG_WARN_ENUM_CONVERSION = YES;
				CLANG_WARN_INFINITE_RECURSION = YES;
				CLANG_WARN_INT_CONVERSION = YES;
				CLANG_WARN_NON_LITERAL_NULL_CONVERSION = YES;
				CLANG_WARN_OBJC_IMPLICIT_RETAIN_SELF = YES;
				CLANG_WARN_OBJC_LITERAL_CONVERSION = YES;
				CLANG_WARN_OBJC_ROOT_CLASS = YES_ERROR;
				CLANG_WARN_QUOTED_INCLUDE_IN_FRAMEWORK_HEADER = YES;
				CLANG_WARN_RANGE_LOOP_ANALYSIS = YES;
				CLANG_WARN_STRICT_PROTOTYPES = YES;
				CLANG_WARN_SUSPICIOUS_MOVE = YES;
				CLANG_WARN_UNGUARDED_AVAILABILITY = YES_AGGRESSIVE;
				CLANG_WARN_UNREACHABLE_CODE = YES;
				CLANG_WARN__DUPLICATE_METHOD_MATCH = YES;
				COPY_PHASE_STRIP = NO;
				DEBUG_INFORMATION_FORMAT = dwarf;
				ENABLE_STRICT_OBJC_MSGSEND = YES;
				ENABLE_TESTABILITY = YES;
				GCC_C_LANGUAGE_STANDARD = gnu11;
				GCC_DYNAMIC_NO_PIC = NO;
				GCC_NO_COMMON_BLOCKS = YES;
				GCC_OPTIMIZATION_LEVEL = 0;
				GCC_PREPROCESSOR_DEFINITIONS = (
					"DEBUG=1",
					"$(inherited)",
				);
				GCC_WARN_64_TO_32_BIT_CONVERSION = YES;
				GCC_WARN_ABOUT_RETURN_TYPE = YES_ERROR;
				GCC_WARN_UNDECLARED_SELECTOR = YES;
				GCC_WARN_UNINITIALIZED_AUTOS = YES_AGGRESSIVE;
				GCC_WARN_UNUSED_FUNCTION = YES;
				GCC_WARN_UNUSED_VARIABLE = YES;
				IPHONEOS_DEPLOYMENT_TARGET = 16.1;
				MTL_ENABLE_DEBUG_INFO = INCLUDE_SOURCE;
				MTL_FAST_MATH = YES;
				ONLY_ACTIVE_ARCH = YES;
				SDKROOT = iphoneos;
				SWIFT_ACTIVE_COMPILATION_CONDITIONS = DEBUG;
				SWIFT_OPTIMIZATION_LEVEL = "-Onone";
			};
			name = Debug;
		};
		5B8469DE29C243850081741B /* Release */ = {
			isa = XCBuildConfiguration;
			buildSettings = {
				ALWAYS_SEARCH_USER_PATHS = NO;
				CLANG_ANALYZER_NONNULL = YES;
				CLANG_ANALYZER_NUMBER_OBJECT_CONVERSION = YES_AGGRESSIVE;
				CLANG_CXX_LANGUAGE_STANDARD = "gnu++20";
				CLANG_ENABLE_MODULES = YES;
				CLANG_ENABLE_OBJC_ARC = YES;
				CLANG_ENABLE_OBJC_WEAK = YES;
				CLANG_WARN_BLOCK_CAPTURE_AUTORELEASING = YES;
				CLANG_WARN_BOOL_CONVERSION = YES;
				CLANG_WARN_COMMA = YES;
				CLANG_WARN_CONSTANT_CONVERSION = YES;
				CLANG_WARN_DEPRECATED_OBJC_IMPLEMENTATIONS = YES;
				CLANG_WARN_DIRECT_OBJC_ISA_USAGE = YES_ERROR;
				CLANG_WARN_DOCUMENTATION_COMMENTS = YES;
				CLANG_WARN_EMPTY_BODY = YES;
				CLANG_WARN_ENUM_CONVERSION = YES;
				CLANG_WARN_INFINITE_RECURSION = YES;
				CLANG_WARN_INT_CONVERSION = YES;
				CLANG_WARN_NON_LITERAL_NULL_CONVERSION = YES;
				CLANG_WARN_OBJC_IMPLICIT_RETAIN_SELF = YES;
				CLANG_WARN_OBJC_LITERAL_CONVERSION = YES;
				CLANG_WARN_OBJC_ROOT_CLASS = YES_ERROR;
				CLANG_WARN_QUOTED_INCLUDE_IN_FRAMEWORK_HEADER = YES;
				CLANG_WARN_RANGE_LOOP_ANALYSIS = YES;
				CLANG_WARN_STRICT_PROTOTYPES = YES;
				CLANG_WARN_SUSPICIOUS_MOVE = YES;
				CLANG_WARN_UNGUARDED_AVAILABILITY = YES_AGGRESSIVE;
				CLANG_WARN_UNREACHABLE_CODE = YES;
				CLANG_WARN__DUPLICATE_METHOD_MATCH = YES;
				COPY_PHASE_STRIP = NO;
				DEBUG_INFORMATION_FORMAT = "dwarf-with-dsym";
				ENABLE_NS_ASSERTIONS = NO;
				ENABLE_STRICT_OBJC_MSGSEND = YES;
				GCC_C_LANGUAGE_STANDARD = gnu11;
				GCC_NO_COMMON_BLOCKS = YES;
				GCC_WARN_64_TO_32_BIT_CONVERSION = YES;
				GCC_WARN_ABOUT_RETURN_TYPE = YES_ERROR;
				GCC_WARN_UNDECLARED_SELECTOR = YES;
				GCC_WARN_UNINITIALIZED_AUTOS = YES_AGGRESSIVE;
				GCC_WARN_UNUSED_FUNCTION = YES;
				GCC_WARN_UNUSED_VARIABLE = YES;
				IPHONEOS_DEPLOYMENT_TARGET = 16.1;
				MTL_ENABLE_DEBUG_INFO = NO;
				MTL_FAST_MATH = YES;
				SDKROOT = iphoneos;
				SWIFT_COMPILATION_MODE = wholemodule;
				SWIFT_OPTIMIZATION_LEVEL = "-O";
				VALIDATE_PRODUCT = YES;
			};
			name = Release;
		};
		5B8469E029C243850081741B /* Debug */ = {
			isa = XCBuildConfiguration;
			buildSettings = {
				ASSETCATALOG_COMPILER_APPICON_NAME = AppIcon;
				ASSETCATALOG_COMPILER_GLOBAL_ACCENT_COLOR_NAME = AccentColor;
				CODE_SIGN_STYLE = Automatic;
				CURRENT_PROJECT_VERSION = 1;
				DEVELOPMENT_TEAM = KL9Y7R8H95;
				GENERATE_INFOPLIST_FILE = YES;
				INFOPLIST_FILE = TestTask/Resources/Info.plist;
				INFOPLIST_KEY_UIApplicationSupportsIndirectInputEvents = YES;
				INFOPLIST_KEY_UILaunchStoryboardName = LaunchScreen;
				INFOPLIST_KEY_UISupportedInterfaceOrientations = UIInterfaceOrientationPortrait;
				IPHONEOS_DEPLOYMENT_TARGET = 13.0;
				LD_RUNPATH_SEARCH_PATHS = (
					"$(inherited)",
					"@executable_path/Frameworks",
				);
				MARKETING_VERSION = 1.0;
				PRODUCT_BUNDLE_IDENTIFIER = Pussmal.TestTask;
				PRODUCT_NAME = "$(TARGET_NAME)";
				SUPPORTED_PLATFORMS = "iphoneos iphonesimulator";
				SUPPORTS_MACCATALYST = NO;
				SUPPORTS_MAC_DESIGNED_FOR_IPHONE_IPAD = NO;
				SWIFT_EMIT_LOC_STRINGS = YES;
				SWIFT_VERSION = 5.0;
				TARGETED_DEVICE_FAMILY = 1;
			};
			name = Debug;
		};
		5B8469E129C243850081741B /* Release */ = {
			isa = XCBuildConfiguration;
			buildSettings = {
				ASSETCATALOG_COMPILER_APPICON_NAME = AppIcon;
				ASSETCATALOG_COMPILER_GLOBAL_ACCENT_COLOR_NAME = AccentColor;
				CODE_SIGN_STYLE = Automatic;
				CURRENT_PROJECT_VERSION = 1;
				DEVELOPMENT_TEAM = KL9Y7R8H95;
				GENERATE_INFOPLIST_FILE = YES;
				INFOPLIST_FILE = TestTask/Resources/Info.plist;
				INFOPLIST_KEY_UIApplicationSupportsIndirectInputEvents = YES;
				INFOPLIST_KEY_UILaunchStoryboardName = LaunchScreen;
				INFOPLIST_KEY_UISupportedInterfaceOrientations = UIInterfaceOrientationPortrait;
				IPHONEOS_DEPLOYMENT_TARGET = 13.0;
				LD_RUNPATH_SEARCH_PATHS = (
					"$(inherited)",
					"@executable_path/Frameworks",
				);
				MARKETING_VERSION = 1.0;
				PRODUCT_BUNDLE_IDENTIFIER = Pussmal.TestTask;
				PRODUCT_NAME = "$(TARGET_NAME)";
				SUPPORTED_PLATFORMS = "iphoneos iphonesimulator";
				SUPPORTS_MACCATALYST = NO;
				SUPPORTS_MAC_DESIGNED_FOR_IPHONE_IPAD = NO;
				SWIFT_EMIT_LOC_STRINGS = YES;
				SWIFT_VERSION = 5.0;
				TARGETED_DEVICE_FAMILY = 1;
			};
			name = Release;
		};
		5B8469E329C243850081741B /* Debug */ = {
			isa = XCBuildConfiguration;
			buildSettings = {
				ALWAYS_EMBED_SWIFT_STANDARD_LIBRARIES = YES;
				BUNDLE_LOADER = "$(TEST_HOST)";
				CODE_SIGN_STYLE = Automatic;
				CURRENT_PROJECT_VERSION = 1;
				DEVELOPMENT_TEAM = KL9Y7R8H95;
				GENERATE_INFOPLIST_FILE = YES;
				IPHONEOS_DEPLOYMENT_TARGET = 16.1;
				MARKETING_VERSION = 1.0;
				PRODUCT_BUNDLE_IDENTIFIER = Pussmal.TestTaskTests;
				PRODUCT_NAME = "$(TARGET_NAME)";
				SWIFT_EMIT_LOC_STRINGS = NO;
				SWIFT_VERSION = 5.0;
				TARGETED_DEVICE_FAMILY = "1,2";
				TEST_HOST = "$(BUILT_PRODUCTS_DIR)/TestTask.app/$(BUNDLE_EXECUTABLE_FOLDER_PATH)/TestTask";
			};
			name = Debug;
		};
		5B8469E429C243850081741B /* Release */ = {
			isa = XCBuildConfiguration;
			buildSettings = {
				ALWAYS_EMBED_SWIFT_STANDARD_LIBRARIES = YES;
				BUNDLE_LOADER = "$(TEST_HOST)";
				CODE_SIGN_STYLE = Automatic;
				CURRENT_PROJECT_VERSION = 1;
				DEVELOPMENT_TEAM = KL9Y7R8H95;
				GENERATE_INFOPLIST_FILE = YES;
				IPHONEOS_DEPLOYMENT_TARGET = 16.1;
				MARKETING_VERSION = 1.0;
				PRODUCT_BUNDLE_IDENTIFIER = Pussmal.TestTaskTests;
				PRODUCT_NAME = "$(TARGET_NAME)";
				SWIFT_EMIT_LOC_STRINGS = NO;
				SWIFT_VERSION = 5.0;
				TARGETED_DEVICE_FAMILY = "1,2";
				TEST_HOST = "$(BUILT_PRODUCTS_DIR)/TestTask.app/$(BUNDLE_EXECUTABLE_FOLDER_PATH)/TestTask";
			};
			name = Release;
		};
		5B8469E629C243850081741B /* Debug */ = {
			isa = XCBuildConfiguration;
			buildSettings = {
				ALWAYS_EMBED_SWIFT_STANDARD_LIBRARIES = YES;
				CODE_SIGN_STYLE = Automatic;
				CURRENT_PROJECT_VERSION = 1;
				DEVELOPMENT_TEAM = KL9Y7R8H95;
				GENERATE_INFOPLIST_FILE = YES;
				MARKETING_VERSION = 1.0;
				PRODUCT_BUNDLE_IDENTIFIER = Pussmal.TestTaskUITests;
				PRODUCT_NAME = "$(TARGET_NAME)";
				SWIFT_EMIT_LOC_STRINGS = NO;
				SWIFT_VERSION = 5.0;
				TARGETED_DEVICE_FAMILY = "1,2";
				TEST_TARGET_NAME = TestTask;
			};
			name = Debug;
		};
		5B8469E729C243850081741B /* Release */ = {
			isa = XCBuildConfiguration;
			buildSettings = {
				ALWAYS_EMBED_SWIFT_STANDARD_LIBRARIES = YES;
				CODE_SIGN_STYLE = Automatic;
				CURRENT_PROJECT_VERSION = 1;
				DEVELOPMENT_TEAM = KL9Y7R8H95;
				GENERATE_INFOPLIST_FILE = YES;
				MARKETING_VERSION = 1.0;
				PRODUCT_BUNDLE_IDENTIFIER = Pussmal.TestTaskUITests;
				PRODUCT_NAME = "$(TARGET_NAME)";
				SWIFT_EMIT_LOC_STRINGS = NO;
				SWIFT_VERSION = 5.0;
				TARGETED_DEVICE_FAMILY = "1,2";
				TEST_TARGET_NAME = TestTask;
			};
			name = Release;
		};
/* End XCBuildConfiguration section */

/* Begin XCConfigurationList section */
		5B8469B029C243850081741B /* Build configuration list for PBXProject "TestTask" */ = {
			isa = XCConfigurationList;
			buildConfigurations = (
				5B8469DD29C243850081741B /* Debug */,
				5B8469DE29C243850081741B /* Release */,
			);
			defaultConfigurationIsVisible = 0;
			defaultConfigurationName = Release;
		};
		5B8469DF29C243850081741B /* Build configuration list for PBXNativeTarget "TestTask" */ = {
			isa = XCConfigurationList;
			buildConfigurations = (
				5B8469E029C243850081741B /* Debug */,
				5B8469E129C243850081741B /* Release */,
			);
			defaultConfigurationIsVisible = 0;
			defaultConfigurationName = Release;
		};
		5B8469E229C243850081741B /* Build configuration list for PBXNativeTarget "TestTaskTests" */ = {
			isa = XCConfigurationList;
			buildConfigurations = (
				5B8469E329C243850081741B /* Debug */,
				5B8469E429C243850081741B /* Release */,
			);
			defaultConfigurationIsVisible = 0;
			defaultConfigurationName = Release;
		};
		5B8469E529C243850081741B /* Build configuration list for PBXNativeTarget "TestTaskUITests" */ = {
			isa = XCConfigurationList;
			buildConfigurations = (
				5B8469E629C243850081741B /* Debug */,
				5B8469E729C243850081741B /* Release */,
			);
			defaultConfigurationIsVisible = 0;
			defaultConfigurationName = Release;
		};
/* End XCConfigurationList section */

/* Begin XCRemoteSwiftPackageReference section */
		5B846A2329C444560081741B /* XCRemoteSwiftPackageReference "SwiftKeychainWrapper" */ = {
			isa = XCRemoteSwiftPackageReference;
			repositoryURL = "https://github.com/jrendel/SwiftKeychainWrapper.git";
			requirement = {
				branch = develop;
				kind = branch;
			};
		};
/* End XCRemoteSwiftPackageReference section */

/* Begin XCSwiftPackageProductDependency section */
		5B846A2429C444560081741B /* SwiftKeychainWrapper */ = {
			isa = XCSwiftPackageProductDependency;
			package = 5B846A2329C444560081741B /* XCRemoteSwiftPackageReference "SwiftKeychainWrapper" */;
			productName = SwiftKeychainWrapper;
		};
/* End XCSwiftPackageProductDependency section */
	};
	rootObject = 5B8469AD29C243850081741B /* Project object */;
}
